{
  "name": "template_based_automated_doc_generation",
  "version": "1.0.0",
  "lockfileVersion": 3,
  "requires": true,
  "packages": {
    "": {
      "name": "template_based_automated_doc_generation",
      "version": "1.0.0",
      "license": "ISC",
      "dependencies": {
        "html2pdf": "^0.0.11",
        "pizzip": "^3.2.0"
      }
    },
    "node_modules/html2pdf": {
      "version": "0.0.11",
      "resolved": "https://registry.npmjs.org/html2pdf/-/html2pdf-0.0.11.tgz",
      "integrity": "sha512-Kx3I5r7lazHZzZv5lDk59jQoTxqaEGlf2BcGNvzWGPQVu0hE8jYCk4hboksuaCvmMJPa0S0A+156ZbE71Wdo2w=="
    },
    "node_modules/pako": {
      "version": "2.1.0",
      "resolved": "https://registry.npmjs.org/pako/-/pako-2.1.0.tgz",
      "integrity": "sha512-w+eufiZ1WuJYgPXbV/PO3NCMEc3xqylkKHzp8bxp1uW4qaSNQUkwmLLEc3kKsfz8lpV1F8Ht3U1Cm+9Srog2ug==",
      "license": "(MIT AND Zlib)"
    },
    "node_modules/pizzip": {
      "version": "3.2.0",
      "resolved": "https://registry.npmjs.org/pizzip/-/pizzip-3.2.0.tgz",
      "integrity": "sha512-X4NPNICxCfIK8VYhF6wbksn81vTiziyLbvKuORVAmolvnUzl1A1xmz9DAWKxPRq9lZg84pJOOAMq3OE61bD8IQ==",
      "license": "(MIT OR GPL-3.0)",
      "dependencies": {
        "pako": "^2.1.0"
      }
    }
  }
}
